// !$*UTF8*$!
{
	archiveVersion = 1;
	classes = {
	};
	objectVersion = 46;
	objects = {

/* Begin PBXBuildFile section */
		E404E91E1CE1AAB6002E1FE0 /* bgcolor.png in Resources */ = {isa = PBXBuildFile; fileRef = E404E91D1CE1AAB6002E1FE0 /* bgcolor.png */; };
		E43813CC1CE07143009F0701 /* NumberKeyboardView.m in Sources */ = {isa = PBXBuildFile; fileRef = E43813CB1CE07143009F0701 /* NumberKeyboardView.m */; };
		E4D93B331CDC3A7600F1C024 /* main.m in Sources */ = {isa = PBXBuildFile; fileRef = E4D93B321CDC3A7600F1C024 /* main.m */; };
		E4D93B361CDC3A7600F1C024 /* AppDelegate.m in Sources */ = {isa = PBXBuildFile; fileRef = E4D93B351CDC3A7600F1C024 /* AppDelegate.m */; };
		E4D93B391CDC3A7600F1C024 /* ViewController.m in Sources */ = {isa = PBXBuildFile; fileRef = E4D93B381CDC3A7600F1C024 /* ViewController.m */; };
		E4D93B3E1CDC3A7600F1C024 /* Assets.xcassets in Resources */ = {isa = PBXBuildFile; fileRef = E4D93B3D1CDC3A7600F1C024 /* Assets.xcassets */; };
		E4D93B4A1CDC858C00F1C024 /* Xbutton_highlight.png in Resources */ = {isa = PBXBuildFile; fileRef = E4D93B481CDC858C00F1C024 /* Xbutton_highlight.png */; };
		E4D93B4B1CDC858C00F1C024 /* Xbutton_normal.png in Resources */ = {isa = PBXBuildFile; fileRef = E4D93B491CDC858C00F1C024 /* Xbutton_normal.png */; };
		E4D93B4D1CDC923E00F1C024 /* Main.storyboard in Resources */ = {isa = PBXBuildFile; fileRef = E4D93B4C1CDC923E00F1C024 /* Main.storyboard */; };
/* End PBXBuildFile section */

/* Begin PBXFileReference section */
		E404E91D1CE1AAB6002E1FE0 /* bgcolor.png */ = {isa = PBXFileReference; lastKnownFileType = image.png; path = bgcolor.png; sourceTree = "<group>"; };
		E43813CA1CE07143009F0701 /* NumberKeyboardView.h */ = {isa = PBXFileReference; fileEncoding = 4; lastKnownFileType = sourcecode.c.h; name = NumberKeyboardView.h; path = DefinedKeyboard/NumberKeyboardView.h; sourceTree = "<group>"; };
		E43813CB1CE07143009F0701 /* NumberKeyboardView.m */ = {isa = PBXFileReference; fileEncoding = 4; lastKnownFileType = sourcecode.c.objc; name = NumberKeyboardView.m; path = DefinedKeyboard/NumberKeyboardView.m; sourceTree = "<group>"; };
		E4D93B2E1CDC3A7600F1C024 /* IdNumberInput.app */ = {isa = PBXFileReference; explicitFileType = wrapper.application; includeInIndex = 0; path = IdNumberInput.app; sourceTree = BUILT_PRODUCTS_DIR; };
		E4D93B321CDC3A7600F1C024 /* main.m */ = {isa = PBXFileReference; lastKnownFileType = sourcecode.c.objc; path = main.m; sourceTree = "<group>"; };
		E4D93B341CDC3A7600F1C024 /* AppDelegate.h */ = {isa = PBXFileReference; lastKnownFileType = sourcecode.c.h; path = AppDelegate.h; sourceTree = "<group>"; };
		E4D93B351CDC3A7600F1C024 /* AppDelegate.m */ = {isa = PBXFileReference; lastKnownFileType = sourcecode.c.objc; path = AppDelegate.m; sourceTree = "<group>"; };
		E4D93B371CDC3A7600F1C024 /* ViewController.h */ = {isa = PBXFileReference; lastKnownFileType = sourcecode.c.h; path = ViewController.h; sourceTree = "<group>"; };
		E4D93B381CDC3A7600F1C024 /* ViewController.m */ = {isa = PBXFileReference; lastKnownFileType = sourcecode.c.objc; path = ViewController.m; sourceTree = "<group>"; };
		E4D93B3D1CDC3A7600F1C024 /* Assets.xcassets */ = {isa = PBXFileReference; lastKnownFileType = folder.assetcatalog; path = Assets.xcassets; sourceTree = "<group>"; };
		E4D93B421CDC3A7600F1C024 /* Info.plist */ = {isa = PBXFileReference; lastKnownFileType = text.plist.xml; path = Info.plist; sourceTree = "<group>"; };
		E4D93B481CDC858C00F1C024 /* Xbutton_highlight.png */ = {isa = PBXFileReference; lastKnownFileType = image.png; path = Xbutton_highlight.png; sourceTree = "<group>"; };
		E4D93B491CDC858C00F1C024 /* Xbutton_normal.png */ = {isa = PBXFileReference; lastKnownFileType = image.png; path = Xbutton_normal.png; sourceTree = "<group>"; };
		E4D93B4C1CDC923E00F1C024 /* Main.storyboard */ = {isa = PBXFileReference; fileEncoding = 4; lastKnownFileType = file.storyboard; path = Main.storyboard; sourceTree = "<group>"; };
/* End PBXFileReference section */

/* Begin PBXFrameworksBuildPhase section */
		E4D93B2B1CDC3A7600F1C024 /* Frameworks */ = {
			isa = PBXFrameworksBuildPhase;
			buildActionMask = 2147483647;
			files = (
			);
			runOnlyForDeploymentPostprocessing = 0;
		};
/* End PBXFrameworksBuildPhase section */

/* Begin PBXGroup section */
		E43813C91CE04699009F0701 /* DefinedKeyboard */ = {
			isa = PBXGroup;
			children = (
				E43813CA1CE07143009F0701 /* NumberKeyboardView.h */,
				E43813CB1CE07143009F0701 /* NumberKeyboardView.m */,
			);
			name = DefinedKeyboard;
			sourceTree = "<group>";
		};
		E4D93B251CDC3A7600F1C024 = {
			isa = PBXGroup;
			children = (
				E4D93B301CDC3A7600F1C024 /* IdNumberInput */,
				E4D93B2F1CDC3A7600F1C024 /* Products */,
			);
			sourceTree = "<group>";
		};
		E4D93B2F1CDC3A7600F1C024 /* Products */ = {
			isa = PBXGroup;
			children = (
				E4D93B2E1CDC3A7600F1C024 /* IdNumberInput.app */,
			);
			name = Products;
			sourceTree = "<group>";
		};
		E4D93B301CDC3A7600F1C024 /* IdNumberInput */ = {
			isa = PBXGroup;
			children = (
				E43813C91CE04699009F0701 /* DefinedKeyboard */,
				E4D93B341CDC3A7600F1C024 /* AppDelegate.h */,
				E4D93B351CDC3A7600F1C024 /* AppDelegate.m */,
				E4D93B371CDC3A7600F1C024 /* ViewController.h */,
				E4D93B381CDC3A7600F1C024 /* ViewController.m */,
				E4D93B3D1CDC3A7600F1C024 /* Assets.xcassets */,
				E4D93B421CDC3A7600F1C024 /* Info.plist */,
				E4D93B311CDC3A7600F1C024 /* Supporting Files */,
				E4D93B4C1CDC923E00F1C024 /* Main.storyboard */,
			);
			path = IdNumberInput;
			sourceTree = "<group>";
		};
		E4D93B311CDC3A7600F1C024 /* Supporting Files */ = {
			isa = PBXGroup;
			children = (
				E404E91D1CE1AAB6002E1FE0 /* bgcolor.png */,
				E4D93B481CDC858C00F1C024 /* Xbutton_highlight.png */,
				E4D93B491CDC858C00F1C024 /* Xbutton_normal.png */,
				E4D93B321CDC3A7600F1C024 /* main.m */,
			);
			name = "Supporting Files";
			sourceTree = "<group>";
		};
/* End PBXGroup section */

/* Begin PBXNativeTarget section */
		E4D93B2D1CDC3A7600F1C024 /* IdNumberInput */ = {
			isa = PBXNativeTarget;
			buildConfigurationList = E4D93B451CDC3A7600F1C024 /* Build configuration list for PBXNativeTarget "IdNumberInput" */;
			buildPhases = (
				E4D93B2A1CDC3A7600F1C024 /* Sources */,
				E4D93B2B1CDC3A7600F1C024 /* Frameworks */,
				E4D93B2C1CDC3A7600F1C024 /* Resources */,
			);
			buildRules = (
			);
			dependencies = (
			);
			name = IdNumberInput;
			productName = IdNumberInput;
			productReference = E4D93B2E1CDC3A7600F1C024 /* IdNumberInput.app */;
			productType = "com.apple.product-type.application";
		};
/* End PBXNativeTarget section */

/* Begin PBXProject section */
		E4D93B261CDC3A7600F1C024 /* Project object */ = {
			isa = PBXProject;
			attributes = {
				LastUpgradeCheck = 0730;
				ORGANIZATIONNAME = yxhe;
				TargetAttributes = {
					E4D93B2D1CDC3A7600F1C024 = {
						CreatedOnToolsVersion = 7.3;
					};
				};
			};
			buildConfigurationList = E4D93B291CDC3A7600F1C024 /* Build configuration list for PBXProject "IdNumberInput" */;
			compatibilityVersion = "Xcode 3.2";
			developmentRegion = English;
			hasScannedForEncodings = 0;
			knownRegions = (
				en,
				Base,
			);
			mainGroup = E4D93B251CDC3A7600F1C024;
			productRefGroup = E4D93B2F1CDC3A7600F1C024 /* Products */;
			projectDirPath = "";
			projectRoot = "";
			targets = (
				E4D93B2D1CDC3A7600F1C024 /* IdNumberInput */,
			);
		};
/* End PBXProject section */

/* Begin PBXResourcesBuildPhase section */
		E4D93B2C1CDC3A7600F1C024 /* Resources */ = {
			isa = PBXResourcesBuildPhase;
			buildActionMask = 2147483647;
			files = (
				E4D93B3E1CDC3A7600F1C024 /* Assets.xcassets in Resources */,
				E4D93B4B1CDC858C00F1C024 /* Xbutton_normal.png in Resources */,
				E4D93B4A1CDC858C00F1C024 /* Xbutton_highlight.png in Resources */,
				E4D93B4D1CDC923E00F1C024 /* Main.storyboard in Resources */,
				E404E91E1CE1AAB6002E1FE0 /* bgcolor.png in Resources */,
			);
			runOnlyForDeploymentPostprocessing = 0;
		};
/* End PBXResourcesBuildPhase section */

/* Begin PBXSourcesBuildPhase section */
		E4D93B2A1CDC3A7600F1C024 /* Sources */ = {
			isa = PBXSourcesBuildPhase;
			buildActionMask = 2147483647;
			files = (
				E43813CC1CE07143009F0701 /* NumberKeyboardView.m in Sources */,
				E4D93B391CDC3A7600F1C024 /* ViewController.m in Sources */,
				E4D93B361CDC3A7600F1C024 /* AppDelegate.m in Sources */,
				E4D93B331CDC3A7600F1C024 /* main.m in Sources */,
			);
			runOnlyForDeploymentPostprocessing = 0;
		};
/* End PBXSourcesBuildPhase section */

/* Begin XCBuildConfiguration section */
		E4D93B431CDC3A7600F1C024 /* Debug */ = {
			isa = XCBuildConfiguration;
			buildSettings = {
				ALWAYS_SEARCH_USER_PATHS = NO;
				CLANG_ANALYZER_NONNULL = YES;
				CLANG_CXX_LANGUAGE_STANDARD = "gnu++0x";
				CLANG_CXX_LIBRARY = "libc++";
				CLANG_ENABLE_MODULES = YES;
				CLANG_ENABLE_OBJC_ARC = YES;
				CLANG_WARN_BOOL_CONVERSION = YES;
				CLANG_WARN_CONSTANT_CONVERSION = YES;
				CLANG_WARN_DIRECT_OBJC_ISA_USAGE = YES_ERROR;
				CLANG_WARN_EMPTY_BODY = YES;
				CLANG_WARN_ENUM_CONVERSION = YES;
				CLANG_WARN_INT_CONVERSION = YES;
				CLANG_WARN_OBJC_ROOT_CLASS = YES_ERROR;
				CLANG_WARN_UNREACHABLE_CODE = YES;
				CLANG_WARN__DUPLICATE_METHOD_MATCH = YES;
				"CODE_SIGN_IDENTITY[sdk=iphoneos*]" = "iPhone Developer";
				COPY_PHASE_STRIP = NO;
				DEBUG_INFORMATION_FORMAT = dwarf;
				ENABLE_STRICT_OBJC_MSGSEND = YES;
				ENABLE_TESTABILITY = YES;
				GCC_C_LANGUAGE_STANDARD = gnu99;
				GCC_DYNAMIC_NO_PIC = NO;
				GCC_NO_COMMON_BLOCKS = YES;
				GCC_OPTIMIZATION_LEVEL = 0;
				GCC_PREPROCESSOR_DEFINITIONS = (
					"DEBUG=1",
					"$(inherited)",
				);
				GCC_WARN_64_TO_32_BIT_CONVERSION = YES;
				GCC_WARN_ABOUT_RETURN_TYPE = YES_ERROR;
				GCC_WARN_UNDECLARED_SELECTOR = YES;
				GCC_WARN_UNINITIALIZED_AUTOS = YES_AGGRESSIVE;
				GCC_WARN_UNUSED_FUNCTION = YES;
				GCC_WARN_UNUSED_VARIABLE = YES;
				IPHONEOS_DEPLOYMENT_TARGET = 9.3;
				MTL_ENABLE_DEBUG_INFO = YES;
				ONLY_ACTIVE_ARCH = YES;
				SDKROOT = iphoneos;
			};
			name = Debug;
		};
		E4D93B441CDC3A7600F1C024 /* Release */ = {
			isa = XCBuildConfiguration;
			buildSettings = {
				ALWAYS_SEARCH_USER_PATHS = NO;
				CLANG_ANALYZER_NONNULL = YES;
				CLANG_CXX_LANGUAGE_STANDARD = "gnu++0x";
				CLANG_CXX_LIBRARY = "libc++";
				CLANG_ENABLE_MODULES = YES;
				CLANG_ENABLE_OBJC_ARC = YES;
				CLANG_WARN_BOOL_CONVERSION = YES;
				CLANG_WARN_CONSTANT_CONVERSION = YES;
				CLANG_WARN_DIRECT_OBJC_ISA_USAGE = YES_ERROR;
				CLANG_WARN_EMPTY_BODY = YES;
				CLANG_WARN_ENUM_CONVERSION = YES;
				CLANG_WARN_INT_CONVERSION = YES;
				CLANG_WARN_OBJC_ROOT_CLASS = YES_ERROR;
				CLANG_WARN_UNREACHABLE_CODE = YES;
				CLANG_WARN__DUPLICATE_METHOD_MATCH = YES;
				"CODE_SIGN_IDENTITY[sdk=iphoneos*]" = "iPhone Developer";
				COPY_PHASE_STRIP = NO;
				DEBUG_INFORMATION_FORMAT = "dwarf-with-dsym";
				ENABLE_NS_ASSERTIONS = NO;
				ENABLE_STRICT_OBJC_MSGSEND = YES;
				GCC_C_LANGUAGE_STANDARD = gnu99;
				GCC_NO_COMMON_BLOCKS = YES;
				GCC_WARN_64_TO_32_BIT_CONVERSION = YES;
				GCC_WARN_ABOUT_RETURN_TYPE = YES_ERROR;
				GCC_WARN_UNDECLARED_SELECTOR = YES;
				GCC_WARN_UNINITIALIZED_AUTOS = YES_AGGRESSIVE;
				GCC_WARN_UNUSED_FUNCTION = YES;
				GCC_WARN_UNUSED_VARIABLE = YES;
				IPHONEOS_DEPLOYMENT_TARGET = 9.3;
				MTL_ENABLE_DEBUG_INFO = NO;
				SDKROOT = iphoneos;
				VALIDATE_PRODUCT = YES;
			};
			name = Release;
		};
		E4D93B461CDC3A7600F1C024 /* Debug */ = {
			isa = XCBuildConfiguration;
			buildSettings = {
				ASSETCATALOG_COMPILER_APPICON_NAME = AppIcon;
				INFOPLIST_FILE = IdNumberInput/Info.plist;
				LD_RUNPATH_SEARCH_PATHS = "$(inherited) @executable_path/Frameworks";
				PRODUCT_BUNDLE_IDENTIFIER = com.tashaxing.IdNumberInput;
				PRODUCT_NAME = "$(TARGET_NAME)";
			};
			name = Debug;
		};
		E4D93B471CDC3A7600F1C024 /* Release */ = {
			isa = XCBuildConfiguration;
			buildSettings = {
				ASSETCATALOG_COMPILER_APPICON_NAME = AppIcon;
				INFOPLIST_FILE = IdNumberInput/Info.plist;
				LD_RUNPATH_SEARCH_PATHS = "$(inherited) @executable_path/Frameworks";
				PRODUCT_BUNDLE_IDENTIFIER = com.tashaxing.IdNumberInput;
				PRODUCT_NAME = "$(TARGET_NAME)";
			};
			name = Release;
		};
/* End XCBuildConfiguration section */

/* Begin XCConfigurationList section */
		E4D93B291CDC3A7600F1C024 /* Build configuration list for PBXProject "IdNumberInput" */ = {
			isa = XCConfigurationList;
			buildConfigurations = (
				E4D93B431CDC3A7600F1C024 /* Debug */,
				E4D93B441CDC3A7600F1C024 /* Release */,
			);
			defaultConfigurationIsVisible = 0;
			defaultConfigurationName = Release;
		};
		E4D93B451CDC3A7600F1C024 /* Build configuration list for PBXNativeTarget "IdNumberInput" */ = {
			isa = XCConfigurationList;
			buildConfigurations = (
				E4D93B461CDC3A7600F1C024 /* Debug */,
				E4D93B471CDC3A7600F1C024 /* Release */,
			);
			defaultConfigurationIsVisible = 0;
			defaultConfigurationName = Release;
		};
/* End XCConfigurationList section */
	};
	rootObject = E4D93B261CDC3A7600F1C024 /* Project object */;
}
